<?xml version="1.0" encoding="utf-8"?>
<Project ToolsVersion="4.0" xmlns="http://schemas.microsoft.com/developer/msbuild/2003">
  <ItemGroup>
    <Filter Include="Source Files">
      <UniqueIdentifier>{5e85fe41-e0dd-4c2c-a2d0-158290486a7e}</UniqueIdentifier>
      <Extensions>cpp;c;cxx;rc;def;r;odl;idl;hpj;bat</Extensions>
    </Filter>
    <Filter Include="Header Files">
      <UniqueIdentifier>{8e516bcd-7f96-4891-90f2-76df0afb2934}</UniqueIdentifier>
      <Extensions>h;hpp;hxx;hm;inl</Extensions>
    </Filter>
    <Filter Include="Resource Files">
      <UniqueIdentifier>{ac43d088-4d1d-480e-a526-c45f9e450f72}</UniqueIdentifier>
      <Extensions>ico;cur;bmp;dlg;rc2;rct;bin;rgs;gif;jpg;jpeg;jpe</Extensions>
    </Filter>
    <Filter Include="Header Files\model">
      <UniqueIdentifier>{47409a35-61f0-46a8-a41b-042f8c6fa0b7}</UniqueIdentifier>
    </Filter>
    <Filter Include="Source Files\model">
      <UniqueIdentifier>{415e252f-65e7-438c-8930-fda21fe44807}</UniqueIdentifier>
    </Filter>
  </ItemGroup>
  <ItemGroup>
    <ClCompile Include="bitmap.cpp">
      <Filter>Source Files</Filter>
    </ClCompile>
    <ClCompile Include="camera.cpp">
      <Filter>Source Files</Filter>
    </ClCompile>
    <ClCompile Include="modelerapp.cpp">
      <Filter>Source Files</Filter>
    </ClCompile>
    <ClCompile Include="modelerdraw.cpp">
      <Filter>Source Files</Filter>
    </ClCompile>
    <ClCompile Include="modelerui.cxx">
      <Filter>Source Files</Filter>
    </ClCompile>
    <ClCompile Include="modelerview.cpp">
      <Filter>Source Files</Filter>
    </ClCompile>
    <ClCompile Include="model\modelController.cpp">
      <Filter>Source Files\model</Filter>
    </ClCompile>
    <ClCompile Include="model\model.cpp">
      <Filter>Source Files\model</Filter>
    </ClCompile>
    <ClCompile Include="model\MengMei.cpp">
      <Filter>Source Files\model</Filter>
    </ClCompile>
    <ClCompile Include="main.cpp">
      <Filter>Source Files</Filter>
    </ClCompile>
    <ClCompile Include="model\MengMeiThroax.cpp">
      <Filter>Source Files\model</Filter>
    </ClCompile>
    <ClCompile Include="model\MengMeiUpperBody.cpp">
      <Filter>Source Files\model</Filter>
    </ClCompile>
    <ClCompile Include="model\MengMeiView.cpp">
      <Filter>Source Files\model</Filter>
    </ClCompile>
    <ClCompile Include="model\MengMeiUpperArm.cpp">
      <Filter>Source Files\model</Filter>
    </ClCompile>
    <ClCompile Include="model\MengMeiHead.cpp">
      <Filter>Source Files\model</Filter>
    </ClCompile>
    <ClCompile Include="model\MengMeiLowerArm.cpp">
      <Filter>Source Files\model</Filter>
    </ClCompile>
    <ClCompile Include="model\MengMeiLowerBody.cpp">
      <Filter>Source Files\model</Filter>
    </ClCompile>
    <ClCompile Include="model\MengMeiUpperLeg.cpp">
      <Filter>Source Files\model</Filter>
    </ClCompile>
    <ClCompile Include="model\MengMeiLowerLeg.cpp">
      <Filter>Source Files\model</Filter>
    </ClCompile>
    <ClCompile Include="model\MengMeiKnee.cpp">
      <Filter>Source Files\model</Filter>
    </ClCompile>
    <ClCompile Include="model\MengMeiElbow.cpp">
      <Filter>Source Files\model</Filter>
    </ClCompile>
    <ClCompile Include="model\MengMeiHand.cpp">
      <Filter>Source Files\model</Filter>
    </ClCompile>
    <ClCompile Include="model\MengMeiFoot.cpp">
      <Filter>Source Files\model</Filter>
    </ClCompile>
    <ClCompile Include="stb_image.cpp">
      <Filter>Source Files</Filter>
    </ClCompile>
    <ClCompile Include="model\MengMeiEye.cpp">
      <Filter>Source Files\model</Filter>
    </ClCompile>
    <ClCompile Include="InverseKinematics.cpp">
      <Filter>Source Files</Filter>
    </ClCompile>
    <ClCompile Include="model\feedbackModel.cpp">
      <Filter>Source Files\model</Filter>
    </ClCompile>
    <ClCompile Include="model\generalModel.cpp">
      <Filter>Source Files\model</Filter>
    </ClCompile>
  </ItemGroup>
  <ItemGroup>
    <ClInclude Include="bitmap.h">
      <Filter>Header Files</Filter>
    </ClInclude>
    <ClInclude Include="camera.h">
      <Filter>Header Files</Filter>
    </ClInclude>
    <ClInclude Include="mat.h">
      <Filter>Header Files</Filter>
    </ClInclude>
    <ClInclude Include="modelerapp.h">
      <Filter>Header Files</Filter>
    </ClInclude>
    <ClInclude Include="modelerdraw.h">
      <Filter>Header Files</Filter>
    </ClInclude>
    <ClInclude Include="modelerglobals.h">
      <Filter>Header Files</Filter>
    </ClInclude>
    <ClInclude Include="modelerui.h">
      <Filter>Header Files</Filter>
    </ClInclude>
    <ClInclude Include="modelerview.h">
      <Filter>Header Files</Filter>
    </ClInclude>
    <ClInclude Include="vec.h">
      <Filter>Header Files</Filter>
    </ClInclude>
    <ClInclude Include="model\modelController.h">
      <Filter>Header Files\model</Filter>
    </ClInclude>
    <ClInclude Include="model\model.h">
      <Filter>Header Files\model</Filter>
    </ClInclude>
    <ClInclude Include="model\MengMei.h">
      <Filter>Header Files\model</Filter>
    </ClInclude>
    <ClInclude Include="model\MengMeiUpperBody.h">
      <Filter>Header Files\model</Filter>
    </ClInclude>
    <ClInclude Include="model\MengMeiThroax.h">
      <Filter>Header Files\model</Filter>
    </ClInclude>
    <ClInclude Include="model\MengMeiView.h">
      <Filter>Header Files\model</Filter>
    </ClInclude>
    <ClInclude Include="model\MengMeiUpperArm.h">
      <Filter>Header Files\model</Filter>
    </ClInclude>
    <ClInclude Include="model\MengMeiHead.h">
      <Filter>Header Files\model</Filter>
    </ClInclude>
    <ClInclude Include="model\MengMeiLowerArm.h">
      <Filter>Header Files\model</Filter>
    </ClInclude>
    <ClInclude Include="model\MengMeiLowerBody.h">
      <Filter>Header Files\model</Filter>
    </ClInclude>
    <ClInclude Include="model\MengMeiUpperLeg.h">
      <Filter>Header Files\model</Filter>
    </ClInclude>
    <ClInclude Include="model\MengMeiLowerLeg.h">
      <Filter>Header Files\model</Filter>
    </ClInclude>
    <ClInclude Include="model\MengMeiKnee.h">
      <Filter>Header Files\model</Filter>
    </ClInclude>
    <ClInclude Include="model\MengMeiElbow.h">
      <Filter>Header Files\model</Filter>
    </ClInclude>
    <ClInclude Include="model\MengMeiFoot.h">
      <Filter>Header Files\model</Filter>
    </ClInclude>
    <ClInclude Include="model\MengMeiHand.h">
      <Filter>Header Files\model</Filter>
    </ClInclude>
    <ClInclude Include="stb_image.h">
      <Filter>Header Files</Filter>
    </ClInclude>
    <ClInclude Include="model\MengMeiEye.h">
      <Filter>Header Files\model</Filter>
    </ClInclude>
    <ClInclude Include="InverseKinematics.h">
      <Filter>Header Files</Filter>
    </ClInclude>
    <ClInclude Include="model\feedbackModel.h">
      <Filter>Header Files\model</Filter>
    </ClInclude>
    <ClInclude Include="model\generalModel.h">
      <Filter>Header Files\model</Filter>
    </ClInclude>
  </ItemGroup>
</Project>